{
  "originHash" : "596115696e81295030d41a05706cf6624556bce686318731af53cb1e0863b959",
  "pins" : [
    {
      "identity" : "swinject",
      "kind" : "remoteSourceControl",
      "location" : "https://github.com/Swinject/Swinject",
      "state" : {
        "revision" : "b685b549fe4d8ae265fc7a2f27d0789720425d69",
        "version" : "2.10.0"
      }
    },
    {
      "identity" : "swinjectautoregistration",
      "kind" : "remoteSourceControl",
      "location" : "https://github.com/Swinject/SwinjectAutoregistration",
      "state" : {
        "revision" : "fd9ffae5f666d37b4b3c210af2e16a10598342e4",
        "version" : "2.9.1"
      }
    }
  ],
  "version" : 3
}
